// !$*UTF8*$!
{
	archiveVersion = 1;
	classes = {
	};
	objectVersion = 47;
	objects = {

/* Begin PBXBuildFile section */
		31483BA11BDFC38900BDFB81 /* AppDelegate.swift in Sources */ = {isa = PBXBuildFile; fileRef = 31483BA01BDFC38900BDFB81 /* AppDelegate.swift */; };
		31483BA31BDFC38900BDFB81 /* IMPSaturationViewController.swift in Sources */ = {isa = PBXBuildFile; fileRef = 31483BA21BDFC38900BDFB81 /* IMPSaturationViewController.swift */; };
		31483BA61BDFC38900BDFB81 /* Main.storyboard in Resources */ = {isa = PBXBuildFile; fileRef = 31483BA41BDFC38900BDFB81 /* Main.storyboard */; };
		31483BA81BDFC38900BDFB81 /* Assets.xcassets in Resources */ = {isa = PBXBuildFile; fileRef = 31483BA71BDFC38900BDFB81 /* Assets.xcassets */; };
		31483BAB1BDFC38900BDFB81 /* LaunchScreen.storyboard in Resources */ = {isa = PBXBuildFile; fileRef = 31483BA91BDFC38900BDFB81 /* LaunchScreen.storyboard */; };
		31483BB31BDFC9DF00BDFB81 /* IMPSaturationView.swift in Sources */ = {isa = PBXBuildFile; fileRef = 31483BB21BDFC9DF00BDFB81 /* IMPSaturationView.swift */; };
		31D7E4EF1BDFE490001F19E2 /* IMG_6295_1.JPG in Resources */ = {isa = PBXBuildFile; fileRef = 31D7E4EE1BDFE490001F19E2 /* IMG_6295_1.JPG */; };
		31D7E4F11BE00CB7001F19E2 /* IMPSaturationFilter.metal in Sources */ = {isa = PBXBuildFile; fileRef = 31D7E4F01BE00CB7001F19E2 /* IMPSaturationFilter.metal */; };
/* End PBXBuildFile section */

/* Begin PBXFileReference section */
		31483B9D1BDFC38900BDFB81 /* ImageMetalling-00.app */ = {isa = PBXFileReference; explicitFileType = wrapper.application; includeInIndex = 0; path = "ImageMetalling-00.app"; sourceTree = BUILT_PRODUCTS_DIR; };
		31483BA01BDFC38900BDFB81 /* AppDelegate.swift */ = {isa = PBXFileReference; lastKnownFileType = sourcecode.swift; path = AppDelegate.swift; sourceTree = "<group>"; };
		31483BA21BDFC38900BDFB81 /* IMPSaturationViewController.swift */ = {isa = PBXFileReference; lastKnownFileType = sourcecode.swift; path = IMPSaturationViewController.swift; sourceTree = "<group>"; };
		31483BA51BDFC38900BDFB81 /* Base */ = {isa = PBXFileReference; lastKnownFileType = file.storyboard; name = Base; path = Base.lproj/Main.storyboard; sourceTree = "<group>"; };
		31483BA71BDFC38900BDFB81 /* Assets.xcassets */ = {isa = PBXFileReference; lastKnownFileType = folder.assetcatalog; path = Assets.xcassets; sourceTree = "<group>"; };
		31483BAA1BDFC38900BDFB81 /* Base */ = {isa = PBXFileReference; lastKnownFileType = file.storyboard; name = Base; path = Base.lproj/LaunchScreen.storyboard; sourceTree = "<group>"; };
		31483BAC1BDFC38900BDFB81 /* Info.plist */ = {isa = PBXFileReference; lastKnownFileType = text.plist.xml; path = Info.plist; sourceTree = "<group>"; };
		31483BB21BDFC9DF00BDFB81 /* IMPSaturationView.swift */ = {isa = PBXFileReference; fileEncoding = 4; lastKnownFileType = sourcecode.swift; path = IMPSaturationView.swift; sourceTree = "<group>"; };
		31D7E4EE1BDFE490001F19E2 /* IMG_6295_1.JPG */ = {isa = PBXFileReference; lastKnownFileType = image.jpeg; name = IMG_6295_1.JPG; path = Images/IMG_6295_1.JPG; sourceTree = "<group>"; };
		31D7E4F01BE00CB7001F19E2 /* IMPSaturationFilter.metal */ = {isa = PBXFileReference; fileEncoding = 4; lastKnownFileType = sourcecode.metal; path = IMPSaturationFilter.metal; sourceTree = "<group>"; };
/* End PBXFileReference section */

/* Begin PBXFrameworksBuildPhase section */
		31483B9A1BDFC38900BDFB81 /* Frameworks */ = {
			isa = PBXFrameworksBuildPhase;
			buildActionMask = 2147483647;
			files = (
			);
			runOnlyForDeploymentPostprocessing = 0;
		};
/* End PBXFrameworksBuildPhase section */

/* Begin PBXGroup section */
		31483B941BDFC38900BDFB81 = {
			isa = PBXGroup;
			children = (
				31483B9F1BDFC38900BDFB81 /* ImageMetalling-00 */,
				31483B9E1BDFC38900BDFB81 /* Products */,
			);
			sourceTree = "<group>";
		};
		31483B9E1BDFC38900BDFB81 /* Products */ = {
			isa = PBXGroup;
			children = (
				31483B9D1BDFC38900BDFB81 /* ImageMetalling-00.app */,
			);
			name = Products;
			sourceTree = "<group>";
		};
		31483B9F1BDFC38900BDFB81 /* ImageMetalling-00 */ = {
			isa = PBXGroup;
			children = (
				31D7E4ED1BDFE484001F19E2 /* Images */,
				31483BA01BDFC38900BDFB81 /* AppDelegate.swift */,
				31483BA71BDFC38900BDFB81 /* Assets.xcassets */,
				31483BA21BDFC38900BDFB81 /* IMPSaturationViewController.swift */,
				31483BB21BDFC9DF00BDFB81 /* IMPSaturationView.swift */,
				31D7E4F01BE00CB7001F19E2 /* IMPSaturationFilter.metal */,
				31483BA41BDFC38900BDFB81 /* Main.storyboard */,
				31483BA91BDFC38900BDFB81 /* LaunchScreen.storyboard */,
				31483BAC1BDFC38900BDFB81 /* Info.plist */,
			);
			path = "ImageMetalling-00";
			sourceTree = "<group>";
		};
		31D7E4ED1BDFE484001F19E2 /* Images */ = {
			isa = PBXGroup;
			children = (
				31D7E4EE1BDFE490001F19E2 /* IMG_6295_1.JPG */,
			);
			name = Images;
			sourceTree = "<group>";
		};
/* End PBXGroup section */

/* Begin PBXNativeTarget section */
		31483B9C1BDFC38900BDFB81 /* ImageMetalling-00 */ = {
			isa = PBXNativeTarget;
			buildConfigurationList = 31483BAF1BDFC38900BDFB81 /* Build configuration list for PBXNativeTarget "ImageMetalling-00" */;
			buildPhases = (
				31483B991BDFC38900BDFB81 /* Sources */,
				31483B9A1BDFC38900BDFB81 /* Frameworks */,
				31483B9B1BDFC38900BDFB81 /* Resources */,
			);
			buildRules = (
			);
			dependencies = (
			);
			name = "ImageMetalling-00";
			productName = "ImageMetalling-00";
			productReference = 31483B9D1BDFC38900BDFB81 /* ImageMetalling-00.app */;
			productType = "com.apple.product-type.application";
		};
/* End PBXNativeTarget section */

/* Begin PBXProject section */
		31483B951BDFC38900BDFB81 /* Project object */ = {
			isa = PBXProject;
			attributes = {
				CLASSPREFIX = IMP;
				LastSwiftUpdateCheck = 0710;
				LastUpgradeCheck = 0710;
				ORGANIZATIONNAME = ImageMetalling;
				TargetAttributes = {
					31483B9C1BDFC38900BDFB81 = {
						CreatedOnToolsVersion = 7.1;
						DevelopmentTeam = TCA85S5T49;
					};
				};
			};
			buildConfigurationList = 31483B981BDFC38900BDFB81 /* Build configuration list for PBXProject "ImageMetalling-00" */;
			compatibilityVersion = "Xcode 6.3";
			developmentRegion = English;
			hasScannedForEncodings = 0;
			knownRegions = (
				en,
				Base,
			);
			mainGroup = 31483B941BDFC38900BDFB81;
			productRefGroup = 31483B9E1BDFC38900BDFB81 /* Products */;
			projectDirPath = "";
			projectRoot = "";
			targets = (
				31483B9C1BDFC38900BDFB81 /* ImageMetalling-00 */,
			);
		};
/* End PBXProject section */

/* Begin PBXResourcesBuildPhase section */
		31483B9B1BDFC38900BDFB81 /* Resources */ = {
			isa = PBXResourcesBuildPhase;
			buildActionMask = 2147483647;
			files = (
				31483BAB1BDFC38900BDFB81 /* LaunchScreen.storyboard in Resources */,
				31483BA81BDFC38900BDFB81 /* Assets.xcassets in Resources */,
				31483BA61BDFC38900BDFB81 /* Main.storyboard in Resources */,
				31D7E4EF1BDFE490001F19E2 /* IMG_6295_1.JPG in Resources */,
			);
			runOnlyForDeploymentPostprocessing = 0;
		};
/* End PBXResourcesBuildPhase section */

/* Begin PBXSourcesBuildPhase section */
		31483B991BDFC38900BDFB81 /* Sources */ = {
			isa = PBXSourcesBuildPhase;
			buildActionMask = 2147483647;
			files = (
				31D7E4F11BE00CB7001F19E2 /* IMPSaturationFilter.metal in Sources */,
				31483BA31BDFC38900BDFB81 /* IMPSaturationViewController.swift in Sources */,
				31483BA11BDFC38900BDFB81 /* AppDelegate.swift in Sources */,
				31483BB31BDFC9DF00BDFB81 /* IMPSaturationView.swift in Sources */,
			);
			runOnlyForDeploymentPostprocessing = 0;
		};
/* End PBXSourcesBuildPhase section */

/* Begin PBXVariantGroup section */
		31483BA41BDFC38900BDFB81 /* Main.storyboard */ = {
			isa = PBXVariantGroup;
			children = (
				31483BA51BDFC38900BDFB81 /* Base */,
			);
			name = Main.storyboard;
			sourceTree = "<group>";
		};
		31483BA91BDFC38900BDFB81 /* LaunchScreen.storyboard */ = {
			isa = PBXVariantGroup;
			children = (
				31483BAA1BDFC38900BDFB81 /* Base */,
			);
			name = LaunchScreen.storyboard;
			sourceTree = "<group>";
		};
/* End PBXVariantGroup section */

/* Begin XCBuildConfiguration section */
		31483BAD1BDFC38900BDFB81 /* Debug */ = {
			isa = XCBuildConfiguration;
			buildSettings = {
				ALWAYS_SEARCH_USER_PATHS = NO;
				CLANG_CXX_LANGUAGE_STANDARD = "gnu++0x";
				CLANG_CXX_LIBRARY = "libc++";
				CLANG_ENABLE_MODULES = YES;
				CLANG_ENABLE_OBJC_ARC = YES;
				CLANG_WARN_BOOL_CONVERSION = YES;
				CLANG_WARN_CONSTANT_CONVERSION = YES;
				CLANG_WARN_DIRECT_OBJC_ISA_USAGE = YES_ERROR;
				CLANG_WARN_EMPTY_BODY = YES;
				CLANG_WARN_ENUM_CONVERSION = YES;
				CLANG_WARN_INT_CONVERSION = YES;
				CLANG_WARN_OBJC_ROOT_CLASS = YES_ERROR;
				CLANG_WARN_UNREACHABLE_CODE = YES;
				CLANG_WARN__DUPLICATE_METHOD_MATCH = YES;
				"CODE_SIGN_IDENTITY[sdk=iphoneos*]" = "iPhone Developer";
				COPY_PHASE_STRIP = NO;
				DEBUG_INFORMATION_FORMAT = dwarf;
				ENABLE_STRICT_OBJC_MSGSEND = YES;
				ENABLE_TESTABILITY = YES;
				GCC_C_LANGUAGE_STANDARD = gnu99;
				GCC_DYNAMIC_NO_PIC = NO;
				GCC_NO_COMMON_BLOCKS = YES;
				GCC_OPTIMIZATION_LEVEL = 0;
				GCC_PREPROCESSOR_DEFINITIONS = (
					"DEBUG=1",
					"$(inherited)",
				);
				GCC_WARN_64_TO_32_BIT_CONVERSION = YES;
				GCC_WARN_ABOUT_RETURN_TYPE = YES_ERROR;
				GCC_WARN_UNDECLARED_SELECTOR = YES;
				GCC_WARN_UNINITIALIZED_AUTOS = YES_AGGRESSIVE;
				GCC_WARN_UNUSED_FUNCTION = YES;
				GCC_WARN_UNUSED_VARIABLE = YES;
				IPHONEOS_DEPLOYMENT_TARGET = 9.1;
				MTL_ENABLE_DEBUG_INFO = YES;
				ONLY_ACTIVE_ARCH = YES;
				SDKROOT = iphoneos;
				SWIFT_OPTIMIZATION_LEVEL = "-Onone";
				TARGETED_DEVICE_FAMILY = "1,2";
			};
			name = Debug;
		};
		31483BAE1BDFC38900BDFB81 /* Release */ = {
			isa = XCBuildConfiguration;
			buildSettings = {
				ALWAYS_SEARCH_USER_PATHS = NO;
				CLANG_CXX_LANGUAGE_STANDARD = "gnu++0x";
				CLANG_CXX_LIBRARY = "libc++";
				CLANG_ENABLE_MODULES = YES;
				CLANG_ENABLE_OBJC_ARC = YES;
				CLANG_WARN_BOOL_CONVERSION = YES;
				CLANG_WARN_CONSTANT_CONVERSION = YES;
				CLANG_WARN_DIRECT_OBJC_ISA_USAGE = YES_ERROR;
				CLANG_WARN_EMPTY_BODY = YES;
				CLANG_WARN_ENUM_CONVERSION = YES;
				CLANG_WARN_INT_CONVERSION = YES;
				CLANG_WARN_OBJC_ROOT_CLASS = YES_ERROR;
				CLANG_WARN_UNREACHABLE_CODE = YES;
				CLANG_WARN__DUPLICATE_METHOD_MATCH = YES;
				"CODE_SIGN_IDENTITY[sdk=iphoneos*]" = "iPhone Developer";
				COPY_PHASE_STRIP = NO;
				DEBUG_INFORMATION_FORMAT = "dwarf-with-dsym";
				ENABLE_NS_ASSERTIONS = NO;
				ENABLE_STRICT_OBJC_MSGSEND = YES;
				GCC_C_LANGUAGE_STANDARD = gnu99;
				GCC_NO_COMMON_BLOCKS = YES;
				GCC_WARN_64_TO_32_BIT_CONVERSION = YES;
				GCC_WARN_ABOUT_RETURN_TYPE = YES_ERROR;
				GCC_WARN_UNDECLARED_SELECTOR = YES;
				GCC_WARN_UNINITIALIZED_AUTOS = YES_AGGRESSIVE;
				GCC_WARN_UNUSED_FUNCTION = YES;
				GCC_WARN_UNUSED_VARIABLE = YES;
				IPHONEOS_DEPLOYMENT_TARGET = 9.1;
				MTL_ENABLE_DEBUG_INFO = NO;
				SDKROOT = iphoneos;
				TARGETED_DEVICE_FAMILY = "1,2";
				VALIDATE_PRODUCT = YES;
			};
			name = Release;
		};
		31483BB01BDFC38900BDFB81 /* Debug */ = {
			isa = XCBuildConfiguration;
			buildSettings = {
				ASSETCATALOG_COMPILER_APPICON_NAME = AppIcon;
				CLANG_ENABLE_MODULES = YES;
				CODE_SIGN_IDENTITY = "iPhone Developer";
				INFOPLIST_FILE = "ImageMetalling-00/Info.plist";
				IPHONEOS_DEPLOYMENT_TARGET = 9.0;
				LD_RUNPATH_SEARCH_PATHS = "$(inherited) @executable_path/Frameworks";
				PRODUCT_BUNDLE_IDENTIFIER = "IMetalling.ImageMetalling-00";
				PRODUCT_NAME = "$(TARGET_NAME)";
				SWIFT_OPTIMIZATION_LEVEL = "-Onone";
				TARGETED_DEVICE_FAMILY = 1;
			};
			name = Debug;
		};
		31483BB11BDFC38900BDFB81 /* Release */ = {
			isa = XCBuildConfiguration;
			buildSettings = {
				ASSETCATALOG_COMPILER_APPICON_NAME = AppIcon;
				CLANG_ENABLE_MODULES = YES;
				CODE_SIGN_IDENTITY = "iPhone Developer";
				INFOPLIST_FILE = "ImageMetalling-00/Info.plist";
				IPHONEOS_DEPLOYMENT_TARGET = 9.0;
				LD_RUNPATH_SEARCH_PATHS = "$(inherited) @executable_path/Frameworks";
				PRODUCT_BUNDLE_IDENTIFIER = "IMetalling.ImageMetalling-00";
				PRODUCT_NAME = "$(TARGET_NAME)";
				TARGETED_DEVICE_FAMILY = 1;
			};
			name = Release;
		};
/* End XCBuildConfiguration section */

/* Begin XCConfigurationList section */
		31483B981BDFC38900BDFB81 /* Build configuration list for PBXProject "ImageMetalling-00" */ = {
			isa = XCConfigurationList;
			buildConfigurations = (
				31483BAD1BDFC38900BDFB81 /* Debug */,
				31483BAE1BDFC38900BDFB81 /* Release */,
			);
			defaultConfigurationIsVisible = 0;
			defaultConfigurationName = Release;
		};
		31483BAF1BDFC38900BDFB81 /* Build configuration list for PBXNativeTarget "ImageMetalling-00" */ = {
			isa = XCConfigurationList;
			buildConfigurations = (
				31483BB01BDFC38900BDFB81 /* Debug */,
				31483BB11BDFC38900BDFB81 /* Release */,
			);
			defaultConfigurationIsVisible = 0;
			defaultConfigurationName = Release;
		};
/* End XCConfigurationList section */
	};
	rootObject = 31483B951BDFC38900BDFB81 /* Project object */;
}
