// !$*UTF8*$!
{
	archiveVersion = 1;
	classes = {
	};
	objectVersion = 46;
	objects = {

/* Begin PBXBuildFile section */
		3139F94D1BE79EAF00AF8532 /* IMPCurvedSHLFilter.metal in Sources */ = {isa = PBXBuildFile; fileRef = 3139F94C1BE79EAF00AF8532 /* IMPCurvedSHLFilter.metal */; };
		3139F9691BE8BE8300AF8532 /* shadows_highlights_gray_grad.jpg in Resources */ = {isa = PBXBuildFile; fileRef = 3139F9681BE8BE8300AF8532 /* shadows_highlights_gray_grad.jpg */; };
		31AA3BD61BE76CC000B1A9F8 /* AppDelegate.swift in Sources */ = {isa = PBXBuildFile; fileRef = 31AA3BD51BE76CC000B1A9F8 /* AppDelegate.swift */; };
		31AA3BDB1BE76CC000B1A9F8 /* Main.storyboard in Resources */ = {isa = PBXBuildFile; fileRef = 31AA3BD91BE76CC000B1A9F8 /* Main.storyboard */; };
		31AA3BDD1BE76CC000B1A9F8 /* Assets.xcassets in Resources */ = {isa = PBXBuildFile; fileRef = 31AA3BDC1BE76CC000B1A9F8 /* Assets.xcassets */; };
		31AA3BE01BE76CC000B1A9F8 /* LaunchScreen.storyboard in Resources */ = {isa = PBXBuildFile; fileRef = 31AA3BDE1BE76CC000B1A9F8 /* LaunchScreen.storyboard */; };
		31AA3BEA1BE76D4500B1A9F8 /* IMPSHLFilter.metal in Sources */ = {isa = PBXBuildFile; fileRef = 31AA3BE71BE76D4500B1A9F8 /* IMPSHLFilter.metal */; };
		31AA3BEB1BE76D4500B1A9F8 /* IMPSHLView.swift in Sources */ = {isa = PBXBuildFile; fileRef = 31AA3BE81BE76D4500B1A9F8 /* IMPSHLView.swift */; };
		31AA3BEC1BE76D4500B1A9F8 /* IMPSHLViewController.swift in Sources */ = {isa = PBXBuildFile; fileRef = 31AA3BE91BE76D4500B1A9F8 /* IMPSHLViewController.swift */; };
		31AA3BEF1BE78B1200B1A9F8 /* shadows_highlights.jpg in Resources */ = {isa = PBXBuildFile; fileRef = 31AA3BEE1BE78B1200B1A9F8 /* shadows_highlights.jpg */; };
/* End PBXBuildFile section */

/* Begin PBXFileReference section */
		3139F94C1BE79EAF00AF8532 /* IMPCurvedSHLFilter.metal */ = {isa = PBXFileReference; fileEncoding = 4; lastKnownFileType = sourcecode.metal; path = IMPCurvedSHLFilter.metal; sourceTree = "<group>"; };
		3139F94E1BE79F6900AF8532 /* IMPCommonMetal.h */ = {isa = PBXFileReference; fileEncoding = 4; lastKnownFileType = sourcecode.c.h; path = IMPCommonMetal.h; sourceTree = "<group>"; xcLanguageSpecificationIdentifier = xcode.lang.metal; };
		3139F95A1BE7B0BA00AF8532 /* IMPShaderTypes.h */ = {isa = PBXFileReference; fileEncoding = 4; lastKnownFileType = sourcecode.c.h; path = IMPShaderTypes.h; sourceTree = "<group>"; };
		3139F9681BE8BE8300AF8532 /* shadows_highlights_gray_grad.jpg */ = {isa = PBXFileReference; lastKnownFileType = image.jpeg; name = shadows_highlights_gray_grad.jpg; path = Images/shadows_highlights_gray_grad.jpg; sourceTree = "<group>"; };
		31AA3BD21BE76CC000B1A9F8 /* ImageMetalling-02.app */ = {isa = PBXFileReference; explicitFileType = wrapper.application; includeInIndex = 0; path = "ImageMetalling-02.app"; sourceTree = BUILT_PRODUCTS_DIR; };
		31AA3BD51BE76CC000B1A9F8 /* AppDelegate.swift */ = {isa = PBXFileReference; lastKnownFileType = sourcecode.swift; path = AppDelegate.swift; sourceTree = "<group>"; };
		31AA3BDA1BE76CC000B1A9F8 /* Base */ = {isa = PBXFileReference; lastKnownFileType = file.storyboard; name = Base; path = Base.lproj/Main.storyboard; sourceTree = "<group>"; };
		31AA3BDC1BE76CC000B1A9F8 /* Assets.xcassets */ = {isa = PBXFileReference; lastKnownFileType = folder.assetcatalog; path = Assets.xcassets; sourceTree = "<group>"; };
		31AA3BDF1BE76CC000B1A9F8 /* Base */ = {isa = PBXFileReference; lastKnownFileType = file.storyboard; name = Base; path = Base.lproj/LaunchScreen.storyboard; sourceTree = "<group>"; };
		31AA3BE11BE76CC000B1A9F8 /* Info.plist */ = {isa = PBXFileReference; lastKnownFileType = text.plist.xml; path = Info.plist; sourceTree = "<group>"; };
		31AA3BE71BE76D4500B1A9F8 /* IMPSHLFilter.metal */ = {isa = PBXFileReference; fileEncoding = 4; lastKnownFileType = sourcecode.metal; path = IMPSHLFilter.metal; sourceTree = "<group>"; };
		31AA3BE81BE76D4500B1A9F8 /* IMPSHLView.swift */ = {isa = PBXFileReference; fileEncoding = 4; lastKnownFileType = sourcecode.swift; path = IMPSHLView.swift; sourceTree = "<group>"; };
		31AA3BE91BE76D4500B1A9F8 /* IMPSHLViewController.swift */ = {isa = PBXFileReference; fileEncoding = 4; lastKnownFileType = sourcecode.swift; path = IMPSHLViewController.swift; sourceTree = "<group>"; };
		31AA3BEE1BE78B1200B1A9F8 /* shadows_highlights.jpg */ = {isa = PBXFileReference; lastKnownFileType = image.jpeg; name = shadows_highlights.jpg; path = Images/shadows_highlights.jpg; sourceTree = "<group>"; };
/* End PBXFileReference section */

/* Begin PBXFrameworksBuildPhase section */
		31AA3BCF1BE76CC000B1A9F8 /* Frameworks */ = {
			isa = PBXFrameworksBuildPhase;
			buildActionMask = 2147483647;
			files = (
			);
			runOnlyForDeploymentPostprocessing = 0;
		};
/* End PBXFrameworksBuildPhase section */

/* Begin PBXGroup section */
		31AA3BC91BE76CC000B1A9F8 = {
			isa = PBXGroup;
			children = (
				31AA3BD41BE76CC000B1A9F8 /* ImageMetalling-02 */,
				31AA3BD31BE76CC000B1A9F8 /* Products */,
			);
			sourceTree = "<group>";
		};
		31AA3BD31BE76CC000B1A9F8 /* Products */ = {
			isa = PBXGroup;
			children = (
				31AA3BD21BE76CC000B1A9F8 /* ImageMetalling-02.app */,
			);
			name = Products;
			sourceTree = "<group>";
		};
		31AA3BD41BE76CC000B1A9F8 /* ImageMetalling-02 */ = {
			isa = PBXGroup;
			children = (
				31AA3BED1BE78B0900B1A9F8 /* Images */,
				31AA3BD51BE76CC000B1A9F8 /* AppDelegate.swift */,
				31AA3BE91BE76D4500B1A9F8 /* IMPSHLViewController.swift */,
				31AA3BE81BE76D4500B1A9F8 /* IMPSHLView.swift */,
				3139F95A1BE7B0BA00AF8532 /* IMPShaderTypes.h */,
				3139F94E1BE79F6900AF8532 /* IMPCommonMetal.h */,
				31AA3BE71BE76D4500B1A9F8 /* IMPSHLFilter.metal */,
				3139F94C1BE79EAF00AF8532 /* IMPCurvedSHLFilter.metal */,
				31AA3BD91BE76CC000B1A9F8 /* Main.storyboard */,
				31AA3BDC1BE76CC000B1A9F8 /* Assets.xcassets */,
				31AA3BDE1BE76CC000B1A9F8 /* LaunchScreen.storyboard */,
				31AA3BE11BE76CC000B1A9F8 /* Info.plist */,
			);
			path = "ImageMetalling-02";
			sourceTree = "<group>";
		};
		31AA3BED1BE78B0900B1A9F8 /* Images */ = {
			isa = PBXGroup;
			children = (
				31AA3BEE1BE78B1200B1A9F8 /* shadows_highlights.jpg */,
				3139F9681BE8BE8300AF8532 /* shadows_highlights_gray_grad.jpg */,
			);
			name = Images;
			sourceTree = "<group>";
		};
/* End PBXGroup section */

/* Begin PBXNativeTarget section */
		31AA3BD11BE76CC000B1A9F8 /* ImageMetalling-02 */ = {
			isa = PBXNativeTarget;
			buildConfigurationList = 31AA3BE41BE76CC000B1A9F8 /* Build configuration list for PBXNativeTarget "ImageMetalling-02" */;
			buildPhases = (
				31AA3BCE1BE76CC000B1A9F8 /* Sources */,
				31AA3BCF1BE76CC000B1A9F8 /* Frameworks */,
				31AA3BD01BE76CC000B1A9F8 /* Resources */,
			);
			buildRules = (
			);
			dependencies = (
			);
			name = "ImageMetalling-02";
			productName = "ImageMetalling-02";
			productReference = 31AA3BD21BE76CC000B1A9F8 /* ImageMetalling-02.app */;
			productType = "com.apple.product-type.application";
		};
/* End PBXNativeTarget section */

/* Begin PBXProject section */
		31AA3BCA1BE76CC000B1A9F8 /* Project object */ = {
			isa = PBXProject;
			attributes = {
				LastSwiftUpdateCheck = 0710;
				LastUpgradeCheck = 0710;
				ORGANIZATIONNAME = ImageMetalling;
				TargetAttributes = {
					31AA3BD11BE76CC000B1A9F8 = {
						CreatedOnToolsVersion = 7.1;
					};
				};
			};
			buildConfigurationList = 31AA3BCD1BE76CC000B1A9F8 /* Build configuration list for PBXProject "ImageMetalling-02" */;
			compatibilityVersion = "Xcode 3.2";
			developmentRegion = English;
			hasScannedForEncodings = 0;
			knownRegions = (
				en,
				Base,
			);
			mainGroup = 31AA3BC91BE76CC000B1A9F8;
			productRefGroup = 31AA3BD31BE76CC000B1A9F8 /* Products */;
			projectDirPath = "";
			projectRoot = "";
			targets = (
				31AA3BD11BE76CC000B1A9F8 /* ImageMetalling-02 */,
			);
		};
/* End PBXProject section */

/* Begin PBXResourcesBuildPhase section */
		31AA3BD01BE76CC000B1A9F8 /* Resources */ = {
			isa = PBXResourcesBuildPhase;
			buildActionMask = 2147483647;
			files = (
				31AA3BEF1BE78B1200B1A9F8 /* shadows_highlights.jpg in Resources */,
				31AA3BE01BE76CC000B1A9F8 /* LaunchScreen.storyboard in Resources */,
				3139F9691BE8BE8300AF8532 /* shadows_highlights_gray_grad.jpg in Resources */,
				31AA3BDD1BE76CC000B1A9F8 /* Assets.xcassets in Resources */,
				31AA3BDB1BE76CC000B1A9F8 /* Main.storyboard in Resources */,
			);
			runOnlyForDeploymentPostprocessing = 0;
		};
/* End PBXResourcesBuildPhase section */

/* Begin PBXSourcesBuildPhase section */
		31AA3BCE1BE76CC000B1A9F8 /* Sources */ = {
			isa = PBXSourcesBuildPhase;
			buildActionMask = 2147483647;
			files = (
				31AA3BEA1BE76D4500B1A9F8 /* IMPSHLFilter.metal in Sources */,
				3139F94D1BE79EAF00AF8532 /* IMPCurvedSHLFilter.metal in Sources */,
				31AA3BEC1BE76D4500B1A9F8 /* IMPSHLViewController.swift in Sources */,
				31AA3BD61BE76CC000B1A9F8 /* AppDelegate.swift in Sources */,
				31AA3BEB1BE76D4500B1A9F8 /* IMPSHLView.swift in Sources */,
			);
			runOnlyForDeploymentPostprocessing = 0;
		};
/* End PBXSourcesBuildPhase section */

/* Begin PBXVariantGroup section */
		31AA3BD91BE76CC000B1A9F8 /* Main.storyboard */ = {
			isa = PBXVariantGroup;
			children = (
				31AA3BDA1BE76CC000B1A9F8 /* Base */,
			);
			name = Main.storyboard;
			sourceTree = "<group>";
		};
		31AA3BDE1BE76CC000B1A9F8 /* LaunchScreen.storyboard */ = {
			isa = PBXVariantGroup;
			children = (
				31AA3BDF1BE76CC000B1A9F8 /* Base */,
			);
			name = LaunchScreen.storyboard;
			sourceTree = "<group>";
		};
/* End PBXVariantGroup section */

/* Begin XCBuildConfiguration section */
		31AA3BE21BE76CC000B1A9F8 /* Debug */ = {
			isa = XCBuildConfiguration;
			buildSettings = {
				ALWAYS_SEARCH_USER_PATHS = NO;
				CLANG_CXX_LANGUAGE_STANDARD = "gnu++0x";
				CLANG_CXX_LIBRARY = "libc++";
				CLANG_ENABLE_MODULES = YES;
				CLANG_ENABLE_OBJC_ARC = YES;
				CLANG_WARN_BOOL_CONVERSION = YES;
				CLANG_WARN_CONSTANT_CONVERSION = YES;
				CLANG_WARN_DIRECT_OBJC_ISA_USAGE = YES_ERROR;
				CLANG_WARN_EMPTY_BODY = YES;
				CLANG_WARN_ENUM_CONVERSION = YES;
				CLANG_WARN_INT_CONVERSION = YES;
				CLANG_WARN_OBJC_ROOT_CLASS = YES_ERROR;
				CLANG_WARN_UNREACHABLE_CODE = YES;
				CLANG_WARN__DUPLICATE_METHOD_MATCH = YES;
				"CODE_SIGN_IDENTITY[sdk=iphoneos*]" = "iPhone Developer";
				COPY_PHASE_STRIP = NO;
				DEBUG_INFORMATION_FORMAT = dwarf;
				ENABLE_STRICT_OBJC_MSGSEND = YES;
				ENABLE_TESTABILITY = YES;
				GCC_C_LANGUAGE_STANDARD = gnu99;
				GCC_DYNAMIC_NO_PIC = NO;
				GCC_NO_COMMON_BLOCKS = YES;
				GCC_OPTIMIZATION_LEVEL = 0;
				GCC_PREPROCESSOR_DEFINITIONS = (
					"DEBUG=1",
					"$(inherited)",
				);
				GCC_WARN_64_TO_32_BIT_CONVERSION = YES;
				GCC_WARN_ABOUT_RETURN_TYPE = YES_ERROR;
				GCC_WARN_UNDECLARED_SELECTOR = YES;
				GCC_WARN_UNINITIALIZED_AUTOS = YES_AGGRESSIVE;
				GCC_WARN_UNUSED_FUNCTION = YES;
				GCC_WARN_UNUSED_VARIABLE = YES;
				IPHONEOS_DEPLOYMENT_TARGET = 9.1;
				MTL_ENABLE_DEBUG_INFO = YES;
				ONLY_ACTIVE_ARCH = YES;
				SDKROOT = iphoneos;
				SWIFT_OPTIMIZATION_LEVEL = "-Onone";
			};
			name = Debug;
		};
		31AA3BE31BE76CC000B1A9F8 /* Release */ = {
			isa = XCBuildConfiguration;
			buildSettings = {
				ALWAYS_SEARCH_USER_PATHS = NO;
				CLANG_CXX_LANGUAGE_STANDARD = "gnu++0x";
				CLANG_CXX_LIBRARY = "libc++";
				CLANG_ENABLE_MODULES = YES;
				CLANG_ENABLE_OBJC_ARC = YES;
				CLANG_WARN_BOOL_CONVERSION = YES;
				CLANG_WARN_CONSTANT_CONVERSION = YES;
				CLANG_WARN_DIRECT_OBJC_ISA_USAGE = YES_ERROR;
				CLANG_WARN_EMPTY_BODY = YES;
				CLANG_WARN_ENUM_CONVERSION = YES;
				CLANG_WARN_INT_CONVERSION = YES;
				CLANG_WARN_OBJC_ROOT_CLASS = YES_ERROR;
				CLANG_WARN_UNREACHABLE_CODE = YES;
				CLANG_WARN__DUPLICATE_METHOD_MATCH = YES;
				"CODE_SIGN_IDENTITY[sdk=iphoneos*]" = "iPhone Developer";
				COPY_PHASE_STRIP = NO;
				DEBUG_INFORMATION_FORMAT = "dwarf-with-dsym";
				ENABLE_NS_ASSERTIONS = NO;
				ENABLE_STRICT_OBJC_MSGSEND = YES;
				GCC_C_LANGUAGE_STANDARD = gnu99;
				GCC_NO_COMMON_BLOCKS = YES;
				GCC_WARN_64_TO_32_BIT_CONVERSION = YES;
				GCC_WARN_ABOUT_RETURN_TYPE = YES_ERROR;
				GCC_WARN_UNDECLARED_SELECTOR = YES;
				GCC_WARN_UNINITIALIZED_AUTOS = YES_AGGRESSIVE;
				GCC_WARN_UNUSED_FUNCTION = YES;
				GCC_WARN_UNUSED_VARIABLE = YES;
				IPHONEOS_DEPLOYMENT_TARGET = 9.1;
				MTL_ENABLE_DEBUG_INFO = NO;
				SDKROOT = iphoneos;
				VALIDATE_PRODUCT = YES;
			};
			name = Release;
		};
		31AA3BE51BE76CC000B1A9F8 /* Debug */ = {
			isa = XCBuildConfiguration;
			buildSettings = {
				ASSETCATALOG_COMPILER_APPICON_NAME = AppIcon;
				CLANG_ENABLE_MODULES = YES;
				INFOPLIST_FILE = "ImageMetalling-02/Info.plist";
				LD_RUNPATH_SEARCH_PATHS = "$(inherited) @executable_path/Frameworks";
				PRODUCT_BUNDLE_IDENTIFIER = "IMetalling.ImageMetalling-02";
				PRODUCT_NAME = "$(TARGET_NAME)";
				SWIFT_OBJC_BRIDGING_HEADER = "";
				SWIFT_OPTIMIZATION_LEVEL = "-Onone";
			};
			name = Debug;
		};
		31AA3BE61BE76CC000B1A9F8 /* Release */ = {
			isa = XCBuildConfiguration;
			buildSettings = {
				ASSETCATALOG_COMPILER_APPICON_NAME = AppIcon;
				CLANG_ENABLE_MODULES = YES;
				INFOPLIST_FILE = "ImageMetalling-02/Info.plist";
				LD_RUNPATH_SEARCH_PATHS = "$(inherited) @executable_path/Frameworks";
				PRODUCT_BUNDLE_IDENTIFIER = "IMetalling.ImageMetalling-02";
				PRODUCT_NAME = "$(TARGET_NAME)";
				SWIFT_OBJC_BRIDGING_HEADER = "";
			};
			name = Release;
		};
/* End XCBuildConfiguration section */

/* Begin XCConfigurationList section */
		31AA3BCD1BE76CC000B1A9F8 /* Build configuration list for PBXProject "ImageMetalling-02" */ = {
			isa = XCConfigurationList;
			buildConfigurations = (
				31AA3BE21BE76CC000B1A9F8 /* Debug */,
				31AA3BE31BE76CC000B1A9F8 /* Release */,
			);
			defaultConfigurationIsVisible = 0;
			defaultConfigurationName = Release;
		};
		31AA3BE41BE76CC000B1A9F8 /* Build configuration list for PBXNativeTarget "ImageMetalling-02" */ = {
			isa = XCConfigurationList;
			buildConfigurations = (
				31AA3BE51BE76CC000B1A9F8 /* Debug */,
				31AA3BE61BE76CC000B1A9F8 /* Release */,
			);
			defaultConfigurationIsVisible = 0;
			defaultConfigurationName = Release;
		};
/* End XCConfigurationList section */
	};
	rootObject = 31AA3BCA1BE76CC000B1A9F8 /* Project object */;
}
