// !$*UTF8*$!
{
	archiveVersion = 1;
	classes = {
	};
	objectVersion = 46;
	objects = {

/* Begin PBXBuildFile section */
		318C08CC1C734482008086BA /* AppDelegate.swift in Sources */ = {isa = PBXBuildFile; fileRef = 318C08CB1C734482008086BA /* AppDelegate.swift */; };
		318C08CE1C734482008086BA /* ViewController.swift in Sources */ = {isa = PBXBuildFile; fileRef = 318C08CD1C734482008086BA /* ViewController.swift */; };
		318C08D01C734482008086BA /* Assets.xcassets in Resources */ = {isa = PBXBuildFile; fileRef = 318C08CF1C734482008086BA /* Assets.xcassets */; };
		318C08D31C734482008086BA /* Main.storyboard in Resources */ = {isa = PBXBuildFile; fileRef = 318C08D11C734482008086BA /* Main.storyboard */; };
		318C08DF1C734521008086BA /* IMPDocument.swift in Sources */ = {isa = PBXBuildFile; fileRef = 318C08DA1C734521008086BA /* IMPDocument.swift */; };
		318C08E01C734521008086BA /* IMPMenuHandler.swift in Sources */ = {isa = PBXBuildFile; fileRef = 318C08DB1C734521008086BA /* IMPMenuHandler.swift */; };
		318C08E61C73453B008086BA /* IMPMain_metal.metal in Sources */ = {isa = PBXBuildFile; fileRef = 318C08E51C73453B008086BA /* IMPMain_metal.metal */; };
		9AC356264C5DC243E9612B20 /* Pods.framework in Frameworks */ = {isa = PBXBuildFile; fileRef = 9361CD0AAC2FAA351DC367FB /* Pods.framework */; };
/* End PBXBuildFile section */

/* Begin PBXFileReference section */
		318C08C81C734482008086BA /* ImageMetalling-09.app */ = {isa = PBXFileReference; explicitFileType = wrapper.application; includeInIndex = 0; path = "ImageMetalling-09.app"; sourceTree = BUILT_PRODUCTS_DIR; };
		318C08CB1C734482008086BA /* AppDelegate.swift */ = {isa = PBXFileReference; lastKnownFileType = sourcecode.swift; path = AppDelegate.swift; sourceTree = "<group>"; };
		318C08CD1C734482008086BA /* ViewController.swift */ = {isa = PBXFileReference; lastKnownFileType = sourcecode.swift; path = ViewController.swift; sourceTree = "<group>"; };
		318C08CF1C734482008086BA /* Assets.xcassets */ = {isa = PBXFileReference; lastKnownFileType = folder.assetcatalog; path = Assets.xcassets; sourceTree = "<group>"; };
		318C08D21C734482008086BA /* Base */ = {isa = PBXFileReference; lastKnownFileType = file.storyboard; name = Base; path = Base.lproj/Main.storyboard; sourceTree = "<group>"; };
		318C08D41C734482008086BA /* Info.plist */ = {isa = PBXFileReference; lastKnownFileType = text.plist.xml; path = Info.plist; sourceTree = "<group>"; };
		318C08DA1C734521008086BA /* IMPDocument.swift */ = {isa = PBXFileReference; fileEncoding = 4; lastKnownFileType = sourcecode.swift; path = IMPDocument.swift; sourceTree = "<group>"; };
		318C08DB1C734521008086BA /* IMPMenuHandler.swift */ = {isa = PBXFileReference; fileEncoding = 4; lastKnownFileType = sourcecode.swift; path = IMPMenuHandler.swift; sourceTree = "<group>"; };
		318C08E51C73453B008086BA /* IMPMain_metal.metal */ = {isa = PBXFileReference; fileEncoding = 4; lastKnownFileType = sourcecode.metal; path = IMPMain_metal.metal; sourceTree = "<group>"; };
		52D68E3BB18A791D1175F4B0 /* Pods.debug.xcconfig */ = {isa = PBXFileReference; includeInIndex = 1; lastKnownFileType = text.xcconfig; name = Pods.debug.xcconfig; path = "Pods/Target Support Files/Pods/Pods.debug.xcconfig"; sourceTree = "<group>"; };
		6C25A3539AC35B75B625B3D2 /* Pods.release.xcconfig */ = {isa = PBXFileReference; includeInIndex = 1; lastKnownFileType = text.xcconfig; name = Pods.release.xcconfig; path = "Pods/Target Support Files/Pods/Pods.release.xcconfig"; sourceTree = "<group>"; };
		9361CD0AAC2FAA351DC367FB /* Pods.framework */ = {isa = PBXFileReference; explicitFileType = wrapper.framework; includeInIndex = 0; path = Pods.framework; sourceTree = BUILT_PRODUCTS_DIR; };
/* End PBXFileReference section */

/* Begin PBXFrameworksBuildPhase section */
		318C08C51C734482008086BA /* Frameworks */ = {
			isa = PBXFrameworksBuildPhase;
			buildActionMask = 2147483647;
			files = (
				9AC356264C5DC243E9612B20 /* Pods.framework in Frameworks */,
			);
			runOnlyForDeploymentPostprocessing = 0;
		};
/* End PBXFrameworksBuildPhase section */

/* Begin PBXGroup section */
		318C08BF1C734482008086BA = {
			isa = PBXGroup;
			children = (
				318C08CA1C734482008086BA /* ImageMetalling-09 */,
				318C08C91C734482008086BA /* Products */,
				4689165047E2AF929D681CF0 /* Pods */,
				7E8C7BDBB256DA863FC8617B /* Frameworks */,
			);
			sourceTree = "<group>";
		};
		318C08C91C734482008086BA /* Products */ = {
			isa = PBXGroup;
			children = (
				318C08C81C734482008086BA /* ImageMetalling-09.app */,
			);
			name = Products;
			sourceTree = "<group>";
		};
		318C08CA1C734482008086BA /* ImageMetalling-09 */ = {
			isa = PBXGroup;
			children = (
				318C08E41C73453B008086BA /* Shaders */,
				318C08CB1C734482008086BA /* AppDelegate.swift */,
				318C08CD1C734482008086BA /* ViewController.swift */,
				318C08DA1C734521008086BA /* IMPDocument.swift */,
				318C08DB1C734521008086BA /* IMPMenuHandler.swift */,
				318C08CF1C734482008086BA /* Assets.xcassets */,
				318C08D11C734482008086BA /* Main.storyboard */,
				318C08D41C734482008086BA /* Info.plist */,
			);
			path = "ImageMetalling-09";
			sourceTree = "<group>";
		};
		318C08E41C73453B008086BA /* Shaders */ = {
			isa = PBXGroup;
			children = (
				318C08E51C73453B008086BA /* IMPMain_metal.metal */,
			);
			path = Shaders;
			sourceTree = "<group>";
		};
		4689165047E2AF929D681CF0 /* Pods */ = {
			isa = PBXGroup;
			children = (
				52D68E3BB18A791D1175F4B0 /* Pods.debug.xcconfig */,
				6C25A3539AC35B75B625B3D2 /* Pods.release.xcconfig */,
			);
			name = Pods;
			sourceTree = "<group>";
		};
		7E8C7BDBB256DA863FC8617B /* Frameworks */ = {
			isa = PBXGroup;
			children = (
				9361CD0AAC2FAA351DC367FB /* Pods.framework */,
			);
			name = Frameworks;
			sourceTree = "<group>";
		};
/* End PBXGroup section */

/* Begin PBXNativeTarget section */
		318C08C71C734482008086BA /* ImageMetalling-09 */ = {
			isa = PBXNativeTarget;
			buildConfigurationList = 318C08D71C734482008086BA /* Build configuration list for PBXNativeTarget "ImageMetalling-09" */;
			buildPhases = (
				6C22A16EFF566AC6175C3A0A /* Check Pods Manifest.lock */,
				318C08C41C734482008086BA /* Sources */,
				318C08C51C734482008086BA /* Frameworks */,
				318C08C61C734482008086BA /* Resources */,
				944BA630B7EF537E35102F22 /* Embed Pods Frameworks */,
				AE14CC41A50970924DABB53B /* Copy Pods Resources */,
			);
			buildRules = (
			);
			dependencies = (
			);
			name = "ImageMetalling-09";
			productName = "ImageMetalling-09";
			productReference = 318C08C81C734482008086BA /* ImageMetalling-09.app */;
			productType = "com.apple.product-type.application";
		};
/* End PBXNativeTarget section */

/* Begin PBXProject section */
		318C08C01C734482008086BA /* Project object */ = {
			isa = PBXProject;
			attributes = {
				LastSwiftUpdateCheck = 0720;
				LastUpgradeCheck = 0720;
				ORGANIZATIONNAME = dehancer.com;
				TargetAttributes = {
					318C08C71C734482008086BA = {
						CreatedOnToolsVersion = 7.2.1;
					};
				};
			};
			buildConfigurationList = 318C08C31C734482008086BA /* Build configuration list for PBXProject "ImageMetalling-09" */;
			compatibilityVersion = "Xcode 3.2";
			developmentRegion = English;
			hasScannedForEncodings = 0;
			knownRegions = (
				en,
				Base,
			);
			mainGroup = 318C08BF1C734482008086BA;
			productRefGroup = 318C08C91C734482008086BA /* Products */;
			projectDirPath = "";
			projectRoot = "";
			targets = (
				318C08C71C734482008086BA /* ImageMetalling-09 */,
			);
		};
/* End PBXProject section */

/* Begin PBXResourcesBuildPhase section */
		318C08C61C734482008086BA /* Resources */ = {
			isa = PBXResourcesBuildPhase;
			buildActionMask = 2147483647;
			files = (
				318C08D01C734482008086BA /* Assets.xcassets in Resources */,
				318C08D31C734482008086BA /* Main.storyboard in Resources */,
			);
			runOnlyForDeploymentPostprocessing = 0;
		};
/* End PBXResourcesBuildPhase section */

/* Begin PBXShellScriptBuildPhase section */
		6C22A16EFF566AC6175C3A0A /* Check Pods Manifest.lock */ = {
			isa = PBXShellScriptBuildPhase;
			buildActionMask = 2147483647;
			files = (
			);
			inputPaths = (
			);
			name = "Check Pods Manifest.lock";
			outputPaths = (
			);
			runOnlyForDeploymentPostprocessing = 0;
			shellPath = /bin/sh;
			shellScript = "diff \"${PODS_ROOT}/../Podfile.lock\" \"${PODS_ROOT}/Manifest.lock\" > /dev/null\nif [[ $? != 0 ]] ; then\n    cat << EOM\nerror: The sandbox is not in sync with the Podfile.lock. Run 'pod install' or update your CocoaPods installation.\nEOM\n    exit 1\nfi\n";
			showEnvVarsInLog = 0;
		};
		944BA630B7EF537E35102F22 /* Embed Pods Frameworks */ = {
			isa = PBXShellScriptBuildPhase;
			buildActionMask = 2147483647;
			files = (
			);
			inputPaths = (
			);
			name = "Embed Pods Frameworks";
			outputPaths = (
			);
			runOnlyForDeploymentPostprocessing = 0;
			shellPath = /bin/sh;
			shellScript = "\"${SRCROOT}/Pods/Target Support Files/Pods/Pods-frameworks.sh\"\n";
			showEnvVarsInLog = 0;
		};
		AE14CC41A50970924DABB53B /* Copy Pods Resources */ = {
			isa = PBXShellScriptBuildPhase;
			buildActionMask = 2147483647;
			files = (
			);
			inputPaths = (
			);
			name = "Copy Pods Resources";
			outputPaths = (
			);
			runOnlyForDeploymentPostprocessing = 0;
			shellPath = /bin/sh;
			shellScript = "\"${SRCROOT}/Pods/Target Support Files/Pods/Pods-resources.sh\"\n";
			showEnvVarsInLog = 0;
		};
/* End PBXShellScriptBuildPhase section */

/* Begin PBXSourcesBuildPhase section */
		318C08C41C734482008086BA /* Sources */ = {
			isa = PBXSourcesBuildPhase;
			buildActionMask = 2147483647;
			files = (
				318C08E61C73453B008086BA /* IMPMain_metal.metal in Sources */,
				318C08E01C734521008086BA /* IMPMenuHandler.swift in Sources */,
				318C08DF1C734521008086BA /* IMPDocument.swift in Sources */,
				318C08CE1C734482008086BA /* ViewController.swift in Sources */,
				318C08CC1C734482008086BA /* AppDelegate.swift in Sources */,
			);
			runOnlyForDeploymentPostprocessing = 0;
		};
/* End PBXSourcesBuildPhase section */

/* Begin PBXVariantGroup section */
		318C08D11C734482008086BA /* Main.storyboard */ = {
			isa = PBXVariantGroup;
			children = (
				318C08D21C734482008086BA /* Base */,
			);
			name = Main.storyboard;
			sourceTree = "<group>";
		};
/* End PBXVariantGroup section */

/* Begin XCBuildConfiguration section */
		318C08D51C734482008086BA /* Debug */ = {
			isa = XCBuildConfiguration;
			buildSettings = {
				ALWAYS_SEARCH_USER_PATHS = NO;
				CLANG_CXX_LANGUAGE_STANDARD = "gnu++0x";
				CLANG_CXX_LIBRARY = "libc++";
				CLANG_ENABLE_MODULES = YES;
				CLANG_ENABLE_OBJC_ARC = YES;
				CLANG_WARN_BOOL_CONVERSION = YES;
				CLANG_WARN_CONSTANT_CONVERSION = YES;
				CLANG_WARN_DIRECT_OBJC_ISA_USAGE = YES_ERROR;
				CLANG_WARN_EMPTY_BODY = YES;
				CLANG_WARN_ENUM_CONVERSION = YES;
				CLANG_WARN_INT_CONVERSION = YES;
				CLANG_WARN_OBJC_ROOT_CLASS = YES_ERROR;
				CLANG_WARN_UNREACHABLE_CODE = YES;
				CLANG_WARN__DUPLICATE_METHOD_MATCH = YES;
				CODE_SIGN_IDENTITY = "-";
				COPY_PHASE_STRIP = NO;
				DEBUG_INFORMATION_FORMAT = dwarf;
				ENABLE_STRICT_OBJC_MSGSEND = YES;
				ENABLE_TESTABILITY = YES;
				GCC_C_LANGUAGE_STANDARD = gnu99;
				GCC_DYNAMIC_NO_PIC = NO;
				GCC_NO_COMMON_BLOCKS = YES;
				GCC_OPTIMIZATION_LEVEL = 0;
				GCC_PREPROCESSOR_DEFINITIONS = (
					"DEBUG=1",
					"$(inherited)",
				);
				GCC_WARN_64_TO_32_BIT_CONVERSION = YES;
				GCC_WARN_ABOUT_RETURN_TYPE = YES_ERROR;
				GCC_WARN_UNDECLARED_SELECTOR = YES;
				GCC_WARN_UNINITIALIZED_AUTOS = YES_AGGRESSIVE;
				GCC_WARN_UNUSED_FUNCTION = YES;
				GCC_WARN_UNUSED_VARIABLE = YES;
				MACOSX_DEPLOYMENT_TARGET = 10.11;
				MTL_ENABLE_DEBUG_INFO = YES;
				ONLY_ACTIVE_ARCH = YES;
				SDKROOT = macosx;
				SWIFT_OPTIMIZATION_LEVEL = "-Onone";
			};
			name = Debug;
		};
		318C08D61C734482008086BA /* Release */ = {
			isa = XCBuildConfiguration;
			buildSettings = {
				ALWAYS_SEARCH_USER_PATHS = NO;
				CLANG_CXX_LANGUAGE_STANDARD = "gnu++0x";
				CLANG_CXX_LIBRARY = "libc++";
				CLANG_ENABLE_MODULES = YES;
				CLANG_ENABLE_OBJC_ARC = YES;
				CLANG_WARN_BOOL_CONVERSION = YES;
				CLANG_WARN_CONSTANT_CONVERSION = YES;
				CLANG_WARN_DIRECT_OBJC_ISA_USAGE = YES_ERROR;
				CLANG_WARN_EMPTY_BODY = YES;
				CLANG_WARN_ENUM_CONVERSION = YES;
				CLANG_WARN_INT_CONVERSION = YES;
				CLANG_WARN_OBJC_ROOT_CLASS = YES_ERROR;
				CLANG_WARN_UNREACHABLE_CODE = YES;
				CLANG_WARN__DUPLICATE_METHOD_MATCH = YES;
				CODE_SIGN_IDENTITY = "-";
				COPY_PHASE_STRIP = NO;
				DEBUG_INFORMATION_FORMAT = "dwarf-with-dsym";
				ENABLE_NS_ASSERTIONS = NO;
				ENABLE_STRICT_OBJC_MSGSEND = YES;
				GCC_C_LANGUAGE_STANDARD = gnu99;
				GCC_NO_COMMON_BLOCKS = YES;
				GCC_WARN_64_TO_32_BIT_CONVERSION = YES;
				GCC_WARN_ABOUT_RETURN_TYPE = YES_ERROR;
				GCC_WARN_UNDECLARED_SELECTOR = YES;
				GCC_WARN_UNINITIALIZED_AUTOS = YES_AGGRESSIVE;
				GCC_WARN_UNUSED_FUNCTION = YES;
				GCC_WARN_UNUSED_VARIABLE = YES;
				MACOSX_DEPLOYMENT_TARGET = 10.11;
				MTL_ENABLE_DEBUG_INFO = NO;
				SDKROOT = macosx;
			};
			name = Release;
		};
		318C08D81C734482008086BA /* Debug */ = {
			isa = XCBuildConfiguration;
			baseConfigurationReference = 52D68E3BB18A791D1175F4B0 /* Pods.debug.xcconfig */;
			buildSettings = {
				ASSETCATALOG_COMPILER_APPICON_NAME = AppIcon;
				COMBINE_HIDPI_IMAGES = YES;
				INFOPLIST_FILE = "ImageMetalling-09/Info.plist";
				LD_RUNPATH_SEARCH_PATHS = "$(inherited) @executable_path/../Frameworks";
				PRODUCT_BUNDLE_IDENTIFIER = "dehancer.com.ImageMetalling-09";
				PRODUCT_NAME = "$(TARGET_NAME)";
			};
			name = Debug;
		};
		318C08D91C734482008086BA /* Release */ = {
			isa = XCBuildConfiguration;
			baseConfigurationReference = 6C25A3539AC35B75B625B3D2 /* Pods.release.xcconfig */;
			buildSettings = {
				ASSETCATALOG_COMPILER_APPICON_NAME = AppIcon;
				COMBINE_HIDPI_IMAGES = YES;
				INFOPLIST_FILE = "ImageMetalling-09/Info.plist";
				LD_RUNPATH_SEARCH_PATHS = "$(inherited) @executable_path/../Frameworks";
				PRODUCT_BUNDLE_IDENTIFIER = "dehancer.com.ImageMetalling-09";
				PRODUCT_NAME = "$(TARGET_NAME)";
			};
			name = Release;
		};
/* End XCBuildConfiguration section */

/* Begin XCConfigurationList section */
		318C08C31C734482008086BA /* Build configuration list for PBXProject "ImageMetalling-09" */ = {
			isa = XCConfigurationList;
			buildConfigurations = (
				318C08D51C734482008086BA /* Debug */,
				318C08D61C734482008086BA /* Release */,
			);
			defaultConfigurationIsVisible = 0;
			defaultConfigurationName = Release;
		};
		318C08D71C734482008086BA /* Build configuration list for PBXNativeTarget "ImageMetalling-09" */ = {
			isa = XCConfigurationList;
			buildConfigurations = (
				318C08D81C734482008086BA /* Debug */,
				318C08D91C734482008086BA /* Release */,
			);
			defaultConfigurationIsVisible = 0;
			defaultConfigurationName = Release;
		};
/* End XCConfigurationList section */
	};
	rootObject = 318C08C01C734482008086BA /* Project object */;
}
