// !$*UTF8*$!
{
	archiveVersion = 1;
	classes = {
	};
	objectVersion = 46;
	objects = {

/* Begin PBXBuildFile section */
		312FB6DB1D1C721F0033BEF9 /* AppDelegate.swift in Sources */ = {isa = PBXBuildFile; fileRef = 312FB6DA1D1C721F0033BEF9 /* AppDelegate.swift */; };
		312FB6DD1D1C721F0033BEF9 /* ViewController.swift in Sources */ = {isa = PBXBuildFile; fileRef = 312FB6DC1D1C721F0033BEF9 /* ViewController.swift */; };
		312FB6DF1D1C721F0033BEF9 /* Assets.xcassets in Resources */ = {isa = PBXBuildFile; fileRef = 312FB6DE1D1C721F0033BEF9 /* Assets.xcassets */; };
		312FB6E21D1C721F0033BEF9 /* Main.storyboard in Resources */ = {isa = PBXBuildFile; fileRef = 312FB6E01D1C721F0033BEF9 /* Main.storyboard */; };
		312FB6F11D1C72EE0033BEF9 /* IMPDocument.swift in Sources */ = {isa = PBXBuildFile; fileRef = 312FB6EB1D1C72EE0033BEF9 /* IMPDocument.swift */; };
		312FB6F21D1C72EE0033BEF9 /* IMPMenuHandler.swift in Sources */ = {isa = PBXBuildFile; fileRef = 312FB6EC1D1C72EE0033BEF9 /* IMPMenuHandler.swift */; };
		312FB6F31D1C72EE0033BEF9 /* IMPToolBar.swift in Sources */ = {isa = PBXBuildFile; fileRef = 312FB6ED1D1C72EE0033BEF9 /* IMPToolBar.swift */; };
		312FB6F41D1C72EE0033BEF9 /* IMPMain_metal.metal in Sources */ = {isa = PBXBuildFile; fileRef = 312FB6EF1D1C72EE0033BEF9 /* IMPMain_metal.metal */; };
		313AF4B11D1D5333001ABE1A /* IMTLAutoContrastFilter.swift in Sources */ = {isa = PBXBuildFile; fileRef = 313AF4B01D1D5333001ABE1A /* IMTLAutoContrastFilter.swift */; };
		318677C41D1FD16F004F58E5 /* IMPCurvesView.swift in Sources */ = {isa = PBXBuildFile; fileRef = 318677C31D1FD16F004F58E5 /* IMPCurvesView.swift */; };
		318677C61D1FDF3C004F58E5 /* IMPStepper.swift in Sources */ = {isa = PBXBuildFile; fileRef = 318677C51D1FDF3C004F58E5 /* IMPStepper.swift */; };
		318677C81D1FE0CF004F58E5 /* IMPLabel.swift in Sources */ = {isa = PBXBuildFile; fileRef = 318677C71D1FE0CF004F58E5 /* IMPLabel.swift */; };
		4B82E34A370D4AB09B8184B5 /* Pods_ImageMetalling_14.framework in Frameworks */ = {isa = PBXBuildFile; fileRef = BC1B4D84A49F88A4CD787189 /* Pods_ImageMetalling_14.framework */; };
/* End PBXBuildFile section */

/* Begin PBXFileReference section */
		312FB6D71D1C721F0033BEF9 /* ImageMetalling-14.app */ = {isa = PBXFileReference; explicitFileType = wrapper.application; includeInIndex = 0; path = "ImageMetalling-14.app"; sourceTree = BUILT_PRODUCTS_DIR; };
		312FB6DA1D1C721F0033BEF9 /* AppDelegate.swift */ = {isa = PBXFileReference; lastKnownFileType = sourcecode.swift; path = AppDelegate.swift; sourceTree = "<group>"; };
		312FB6DC1D1C721F0033BEF9 /* ViewController.swift */ = {isa = PBXFileReference; lastKnownFileType = sourcecode.swift; path = ViewController.swift; sourceTree = "<group>"; };
		312FB6DE1D1C721F0033BEF9 /* Assets.xcassets */ = {isa = PBXFileReference; lastKnownFileType = folder.assetcatalog; path = Assets.xcassets; sourceTree = "<group>"; };
		312FB6E11D1C721F0033BEF9 /* Base */ = {isa = PBXFileReference; lastKnownFileType = file.storyboard; name = Base; path = Base.lproj/Main.storyboard; sourceTree = "<group>"; };
		312FB6E31D1C721F0033BEF9 /* Info.plist */ = {isa = PBXFileReference; lastKnownFileType = text.plist.xml; path = Info.plist; sourceTree = "<group>"; };
		312FB6EB1D1C72EE0033BEF9 /* IMPDocument.swift */ = {isa = PBXFileReference; fileEncoding = 4; lastKnownFileType = sourcecode.swift; path = IMPDocument.swift; sourceTree = "<group>"; };
		312FB6EC1D1C72EE0033BEF9 /* IMPMenuHandler.swift */ = {isa = PBXFileReference; fileEncoding = 4; lastKnownFileType = sourcecode.swift; path = IMPMenuHandler.swift; sourceTree = "<group>"; };
		312FB6ED1D1C72EE0033BEF9 /* IMPToolBar.swift */ = {isa = PBXFileReference; fileEncoding = 4; lastKnownFileType = sourcecode.swift; path = IMPToolBar.swift; sourceTree = "<group>"; };
		312FB6EF1D1C72EE0033BEF9 /* IMPMain_metal.metal */ = {isa = PBXFileReference; fileEncoding = 4; lastKnownFileType = sourcecode.metal; path = IMPMain_metal.metal; sourceTree = "<group>"; };
		313AF4B01D1D5333001ABE1A /* IMTLAutoContrastFilter.swift */ = {isa = PBXFileReference; fileEncoding = 4; lastKnownFileType = sourcecode.swift; path = IMTLAutoContrastFilter.swift; sourceTree = "<group>"; };
		318677C31D1FD16F004F58E5 /* IMPCurvesView.swift */ = {isa = PBXFileReference; fileEncoding = 4; lastKnownFileType = sourcecode.swift; path = IMPCurvesView.swift; sourceTree = "<group>"; };
		318677C51D1FDF3C004F58E5 /* IMPStepper.swift */ = {isa = PBXFileReference; fileEncoding = 4; lastKnownFileType = sourcecode.swift; path = IMPStepper.swift; sourceTree = "<group>"; };
		318677C71D1FE0CF004F58E5 /* IMPLabel.swift */ = {isa = PBXFileReference; fileEncoding = 4; lastKnownFileType = sourcecode.swift; path = IMPLabel.swift; sourceTree = "<group>"; };
		4390F99FE46A83D83D056ACE /* Pods-ImageMetalling-14.release.xcconfig */ = {isa = PBXFileReference; includeInIndex = 1; lastKnownFileType = text.xcconfig; name = "Pods-ImageMetalling-14.release.xcconfig"; path = "Pods/Target Support Files/Pods-ImageMetalling-14/Pods-ImageMetalling-14.release.xcconfig"; sourceTree = "<group>"; };
		B248E0FB84328B2F79B0E7BA /* Pods-ImageMetalling-14.debug.xcconfig */ = {isa = PBXFileReference; includeInIndex = 1; lastKnownFileType = text.xcconfig; name = "Pods-ImageMetalling-14.debug.xcconfig"; path = "Pods/Target Support Files/Pods-ImageMetalling-14/Pods-ImageMetalling-14.debug.xcconfig"; sourceTree = "<group>"; };
		BC1B4D84A49F88A4CD787189 /* Pods_ImageMetalling_14.framework */ = {isa = PBXFileReference; explicitFileType = wrapper.framework; includeInIndex = 0; path = Pods_ImageMetalling_14.framework; sourceTree = BUILT_PRODUCTS_DIR; };
/* End PBXFileReference section */

/* Begin PBXFrameworksBuildPhase section */
		312FB6D41D1C721F0033BEF9 /* Frameworks */ = {
			isa = PBXFrameworksBuildPhase;
			buildActionMask = 2147483647;
			files = (
				4B82E34A370D4AB09B8184B5 /* Pods_ImageMetalling_14.framework in Frameworks */,
			);
			runOnlyForDeploymentPostprocessing = 0;
		};
/* End PBXFrameworksBuildPhase section */

/* Begin PBXGroup section */
		312FB6CE1D1C721F0033BEF9 = {
			isa = PBXGroup;
			children = (
				312FB6D91D1C721F0033BEF9 /* ImageMetalling-14 */,
				312FB6D81D1C721F0033BEF9 /* Products */,
				A672A75863836D4518BA53D3 /* Pods */,
				3362F5B1D7C6A67149D55DDF /* Frameworks */,
			);
			sourceTree = "<group>";
		};
		312FB6D81D1C721F0033BEF9 /* Products */ = {
			isa = PBXGroup;
			children = (
				312FB6D71D1C721F0033BEF9 /* ImageMetalling-14.app */,
			);
			name = Products;
			sourceTree = "<group>";
		};
		312FB6D91D1C721F0033BEF9 /* ImageMetalling-14 */ = {
			isa = PBXGroup;
			children = (
				312FB6E91D1C72EE0033BEF9 /* Classes */,
				312FB6EE1D1C72EE0033BEF9 /* Shaders */,
				312FB6DA1D1C721F0033BEF9 /* AppDelegate.swift */,
				312FB6DC1D1C721F0033BEF9 /* ViewController.swift */,
				312FB6DE1D1C721F0033BEF9 /* Assets.xcassets */,
				312FB6E01D1C721F0033BEF9 /* Main.storyboard */,
				312FB6E31D1C721F0033BEF9 /* Info.plist */,
			);
			path = "ImageMetalling-14";
			sourceTree = "<group>";
		};
		312FB6E91D1C72EE0033BEF9 /* Classes */ = {
			isa = PBXGroup;
			children = (
				312FB6EB1D1C72EE0033BEF9 /* IMPDocument.swift */,
				312FB6EC1D1C72EE0033BEF9 /* IMPMenuHandler.swift */,
				312FB6ED1D1C72EE0033BEF9 /* IMPToolBar.swift */,
				318677C51D1FDF3C004F58E5 /* IMPStepper.swift */,
				318677C71D1FE0CF004F58E5 /* IMPLabel.swift */,
				313AF4B01D1D5333001ABE1A /* IMTLAutoContrastFilter.swift */,
				318677C31D1FD16F004F58E5 /* IMPCurvesView.swift */,
			);
			path = Classes;
			sourceTree = "<group>";
		};
		312FB6EE1D1C72EE0033BEF9 /* Shaders */ = {
			isa = PBXGroup;
			children = (
				312FB6EF1D1C72EE0033BEF9 /* IMPMain_metal.metal */,
			);
			path = Shaders;
			sourceTree = "<group>";
		};
		3362F5B1D7C6A67149D55DDF /* Frameworks */ = {
			isa = PBXGroup;
			children = (
				BC1B4D84A49F88A4CD787189 /* Pods_ImageMetalling_14.framework */,
			);
			name = Frameworks;
			sourceTree = "<group>";
		};
		A672A75863836D4518BA53D3 /* Pods */ = {
			isa = PBXGroup;
			children = (
				B248E0FB84328B2F79B0E7BA /* Pods-ImageMetalling-14.debug.xcconfig */,
				4390F99FE46A83D83D056ACE /* Pods-ImageMetalling-14.release.xcconfig */,
			);
			name = Pods;
			sourceTree = "<group>";
		};
/* End PBXGroup section */

/* Begin PBXNativeTarget section */
		312FB6D61D1C721F0033BEF9 /* ImageMetalling-14 */ = {
			isa = PBXNativeTarget;
			buildConfigurationList = 312FB6E61D1C721F0033BEF9 /* Build configuration list for PBXNativeTarget "ImageMetalling-14" */;
			buildPhases = (
				6848B023E5F69FD5CBAFD0AD /* 📦 Check Pods Manifest.lock */,
				312FB6D31D1C721F0033BEF9 /* Sources */,
				312FB6D41D1C721F0033BEF9 /* Frameworks */,
				312FB6D51D1C721F0033BEF9 /* Resources */,
				78E6CB5D13B24DDFE30B0AD8 /* 📦 Embed Pods Frameworks */,
				071CF4A257604DC89FA1BFD3 /* 📦 Copy Pods Resources */,
			);
			buildRules = (
			);
			dependencies = (
			);
			name = "ImageMetalling-14";
			productName = "ImageMetalling-14";
			productReference = 312FB6D71D1C721F0033BEF9 /* ImageMetalling-14.app */;
			productType = "com.apple.product-type.application";
		};
/* End PBXNativeTarget section */

/* Begin PBXProject section */
		312FB6CF1D1C721F0033BEF9 /* Project object */ = {
			isa = PBXProject;
			attributes = {
				LastSwiftUpdateCheck = 0730;
				LastUpgradeCheck = 0730;
				ORGANIZATIONNAME = ImageMetalling;
				TargetAttributes = {
					312FB6D61D1C721F0033BEF9 = {
						CreatedOnToolsVersion = 7.3.1;
					};
				};
			};
			buildConfigurationList = 312FB6D21D1C721F0033BEF9 /* Build configuration list for PBXProject "ImageMetalling-14" */;
			compatibilityVersion = "Xcode 3.2";
			developmentRegion = English;
			hasScannedForEncodings = 0;
			knownRegions = (
				en,
				Base,
			);
			mainGroup = 312FB6CE1D1C721F0033BEF9;
			productRefGroup = 312FB6D81D1C721F0033BEF9 /* Products */;
			projectDirPath = "";
			projectRoot = "";
			targets = (
				312FB6D61D1C721F0033BEF9 /* ImageMetalling-14 */,
			);
		};
/* End PBXProject section */

/* Begin PBXResourcesBuildPhase section */
		312FB6D51D1C721F0033BEF9 /* Resources */ = {
			isa = PBXResourcesBuildPhase;
			buildActionMask = 2147483647;
			files = (
				312FB6DF1D1C721F0033BEF9 /* Assets.xcassets in Resources */,
				312FB6E21D1C721F0033BEF9 /* Main.storyboard in Resources */,
			);
			runOnlyForDeploymentPostprocessing = 0;
		};
/* End PBXResourcesBuildPhase section */

/* Begin PBXShellScriptBuildPhase section */
		071CF4A257604DC89FA1BFD3 /* 📦 Copy Pods Resources */ = {
			isa = PBXShellScriptBuildPhase;
			buildActionMask = 2147483647;
			files = (
			);
			inputPaths = (
			);
			name = "📦 Copy Pods Resources";
			outputPaths = (
			);
			runOnlyForDeploymentPostprocessing = 0;
			shellPath = /bin/sh;
			shellScript = "\"${SRCROOT}/Pods/Target Support Files/Pods-ImageMetalling-14/Pods-ImageMetalling-14-resources.sh\"\n";
			showEnvVarsInLog = 0;
		};
		6848B023E5F69FD5CBAFD0AD /* 📦 Check Pods Manifest.lock */ = {
			isa = PBXShellScriptBuildPhase;
			buildActionMask = 2147483647;
			files = (
			);
			inputPaths = (
			);
			name = "📦 Check Pods Manifest.lock";
			outputPaths = (
			);
			runOnlyForDeploymentPostprocessing = 0;
			shellPath = /bin/sh;
			shellScript = "diff \"${PODS_ROOT}/../Podfile.lock\" \"${PODS_ROOT}/Manifest.lock\" > /dev/null\nif [[ $? != 0 ]] ; then\n    cat << EOM\nerror: The sandbox is not in sync with the Podfile.lock. Run 'pod install' or update your CocoaPods installation.\nEOM\n    exit 1\nfi\n";
			showEnvVarsInLog = 0;
		};
		78E6CB5D13B24DDFE30B0AD8 /* 📦 Embed Pods Frameworks */ = {
			isa = PBXShellScriptBuildPhase;
			buildActionMask = 2147483647;
			files = (
			);
			inputPaths = (
			);
			name = "📦 Embed Pods Frameworks";
			outputPaths = (
			);
			runOnlyForDeploymentPostprocessing = 0;
			shellPath = /bin/sh;
			shellScript = "\"${SRCROOT}/Pods/Target Support Files/Pods-ImageMetalling-14/Pods-ImageMetalling-14-frameworks.sh\"\n";
			showEnvVarsInLog = 0;
		};
/* End PBXShellScriptBuildPhase section */

/* Begin PBXSourcesBuildPhase section */
		312FB6D31D1C721F0033BEF9 /* Sources */ = {
			isa = PBXSourcesBuildPhase;
			buildActionMask = 2147483647;
			files = (
				313AF4B11D1D5333001ABE1A /* IMTLAutoContrastFilter.swift in Sources */,
				312FB6F31D1C72EE0033BEF9 /* IMPToolBar.swift in Sources */,
				312FB6F21D1C72EE0033BEF9 /* IMPMenuHandler.swift in Sources */,
				312FB6F41D1C72EE0033BEF9 /* IMPMain_metal.metal in Sources */,
				312FB6DD1D1C721F0033BEF9 /* ViewController.swift in Sources */,
				312FB6F11D1C72EE0033BEF9 /* IMPDocument.swift in Sources */,
				318677C61D1FDF3C004F58E5 /* IMPStepper.swift in Sources */,
				312FB6DB1D1C721F0033BEF9 /* AppDelegate.swift in Sources */,
				318677C41D1FD16F004F58E5 /* IMPCurvesView.swift in Sources */,
				318677C81D1FE0CF004F58E5 /* IMPLabel.swift in Sources */,
			);
			runOnlyForDeploymentPostprocessing = 0;
		};
/* End PBXSourcesBuildPhase section */

/* Begin PBXVariantGroup section */
		312FB6E01D1C721F0033BEF9 /* Main.storyboard */ = {
			isa = PBXVariantGroup;
			children = (
				312FB6E11D1C721F0033BEF9 /* Base */,
			);
			name = Main.storyboard;
			sourceTree = "<group>";
		};
/* End PBXVariantGroup section */

/* Begin XCBuildConfiguration section */
		312FB6E41D1C721F0033BEF9 /* Debug */ = {
			isa = XCBuildConfiguration;
			buildSettings = {
				ALWAYS_SEARCH_USER_PATHS = NO;
				CLANG_ANALYZER_NONNULL = YES;
				CLANG_CXX_LANGUAGE_STANDARD = "gnu++0x";
				CLANG_CXX_LIBRARY = "libc++";
				CLANG_ENABLE_MODULES = YES;
				CLANG_ENABLE_OBJC_ARC = YES;
				CLANG_WARN_BOOL_CONVERSION = YES;
				CLANG_WARN_CONSTANT_CONVERSION = YES;
				CLANG_WARN_DIRECT_OBJC_ISA_USAGE = YES_ERROR;
				CLANG_WARN_EMPTY_BODY = YES;
				CLANG_WARN_ENUM_CONVERSION = YES;
				CLANG_WARN_INT_CONVERSION = YES;
				CLANG_WARN_OBJC_ROOT_CLASS = YES_ERROR;
				CLANG_WARN_UNREACHABLE_CODE = YES;
				CLANG_WARN__DUPLICATE_METHOD_MATCH = YES;
				CODE_SIGN_IDENTITY = "-";
				COPY_PHASE_STRIP = NO;
				DEBUG_INFORMATION_FORMAT = dwarf;
				ENABLE_STRICT_OBJC_MSGSEND = YES;
				ENABLE_TESTABILITY = YES;
				GCC_C_LANGUAGE_STANDARD = gnu99;
				GCC_DYNAMIC_NO_PIC = NO;
				GCC_NO_COMMON_BLOCKS = YES;
				GCC_OPTIMIZATION_LEVEL = 0;
				GCC_PREPROCESSOR_DEFINITIONS = (
					"DEBUG=1",
					"$(inherited)",
				);
				GCC_WARN_64_TO_32_BIT_CONVERSION = YES;
				GCC_WARN_ABOUT_RETURN_TYPE = YES_ERROR;
				GCC_WARN_UNDECLARED_SELECTOR = YES;
				GCC_WARN_UNINITIALIZED_AUTOS = YES_AGGRESSIVE;
				GCC_WARN_UNUSED_FUNCTION = YES;
				GCC_WARN_UNUSED_VARIABLE = YES;
				MACOSX_DEPLOYMENT_TARGET = 10.11;
				MTL_ENABLE_DEBUG_INFO = YES;
				ONLY_ACTIVE_ARCH = YES;
				SDKROOT = macosx;
				SWIFT_OPTIMIZATION_LEVEL = "-Onone";
			};
			name = Debug;
		};
		312FB6E51D1C721F0033BEF9 /* Release */ = {
			isa = XCBuildConfiguration;
			buildSettings = {
				ALWAYS_SEARCH_USER_PATHS = NO;
				CLANG_ANALYZER_NONNULL = YES;
				CLANG_CXX_LANGUAGE_STANDARD = "gnu++0x";
				CLANG_CXX_LIBRARY = "libc++";
				CLANG_ENABLE_MODULES = YES;
				CLANG_ENABLE_OBJC_ARC = YES;
				CLANG_WARN_BOOL_CONVERSION = YES;
				CLANG_WARN_CONSTANT_CONVERSION = YES;
				CLANG_WARN_DIRECT_OBJC_ISA_USAGE = YES_ERROR;
				CLANG_WARN_EMPTY_BODY = YES;
				CLANG_WARN_ENUM_CONVERSION = YES;
				CLANG_WARN_INT_CONVERSION = YES;
				CLANG_WARN_OBJC_ROOT_CLASS = YES_ERROR;
				CLANG_WARN_UNREACHABLE_CODE = YES;
				CLANG_WARN__DUPLICATE_METHOD_MATCH = YES;
				CODE_SIGN_IDENTITY = "-";
				COPY_PHASE_STRIP = NO;
				DEBUG_INFORMATION_FORMAT = "dwarf-with-dsym";
				ENABLE_NS_ASSERTIONS = NO;
				ENABLE_STRICT_OBJC_MSGSEND = YES;
				GCC_C_LANGUAGE_STANDARD = gnu99;
				GCC_NO_COMMON_BLOCKS = YES;
				GCC_WARN_64_TO_32_BIT_CONVERSION = YES;
				GCC_WARN_ABOUT_RETURN_TYPE = YES_ERROR;
				GCC_WARN_UNDECLARED_SELECTOR = YES;
				GCC_WARN_UNINITIALIZED_AUTOS = YES_AGGRESSIVE;
				GCC_WARN_UNUSED_FUNCTION = YES;
				GCC_WARN_UNUSED_VARIABLE = YES;
				MACOSX_DEPLOYMENT_TARGET = 10.11;
				MTL_ENABLE_DEBUG_INFO = NO;
				SDKROOT = macosx;
			};
			name = Release;
		};
		312FB6E71D1C721F0033BEF9 /* Debug */ = {
			isa = XCBuildConfiguration;
			baseConfigurationReference = B248E0FB84328B2F79B0E7BA /* Pods-ImageMetalling-14.debug.xcconfig */;
			buildSettings = {
				ASSETCATALOG_COMPILER_APPICON_NAME = AppIcon;
				COMBINE_HIDPI_IMAGES = YES;
				INFOPLIST_FILE = "ImageMetalling-14/Info.plist";
				LD_RUNPATH_SEARCH_PATHS = "$(inherited) @executable_path/../Frameworks";
				PRODUCT_BUNDLE_IDENTIFIER = "ImageMetalling.ImageMetalling-14";
				PRODUCT_NAME = "$(TARGET_NAME)";
			};
			name = Debug;
		};
		312FB6E81D1C721F0033BEF9 /* Release */ = {
			isa = XCBuildConfiguration;
			baseConfigurationReference = 4390F99FE46A83D83D056ACE /* Pods-ImageMetalling-14.release.xcconfig */;
			buildSettings = {
				ASSETCATALOG_COMPILER_APPICON_NAME = AppIcon;
				COMBINE_HIDPI_IMAGES = YES;
				INFOPLIST_FILE = "ImageMetalling-14/Info.plist";
				LD_RUNPATH_SEARCH_PATHS = "$(inherited) @executable_path/../Frameworks";
				PRODUCT_BUNDLE_IDENTIFIER = "ImageMetalling.ImageMetalling-14";
				PRODUCT_NAME = "$(TARGET_NAME)";
			};
			name = Release;
		};
/* End XCBuildConfiguration section */

/* Begin XCConfigurationList section */
		312FB6D21D1C721F0033BEF9 /* Build configuration list for PBXProject "ImageMetalling-14" */ = {
			isa = XCConfigurationList;
			buildConfigurations = (
				312FB6E41D1C721F0033BEF9 /* Debug */,
				312FB6E51D1C721F0033BEF9 /* Release */,
			);
			defaultConfigurationIsVisible = 0;
			defaultConfigurationName = Release;
		};
		312FB6E61D1C721F0033BEF9 /* Build configuration list for PBXNativeTarget "ImageMetalling-14" */ = {
			isa = XCConfigurationList;
			buildConfigurations = (
				312FB6E71D1C721F0033BEF9 /* Debug */,
				312FB6E81D1C721F0033BEF9 /* Release */,
			);
			defaultConfigurationIsVisible = 0;
			defaultConfigurationName = Release;
		};
/* End XCConfigurationList section */
	};
	rootObject = 312FB6CF1D1C721F0033BEF9 /* Project object */;
}
