// !$*UTF8*$!
{
	archiveVersion = 1;
	classes = {
	};
	objectVersion = 46;
	objects = {

/* Begin PBXBuildFile section */
		3136E4CF1BDEAD5300018245 /* AppDelegate.swift in Sources */ = {isa = PBXBuildFile; fileRef = 3136E4CE1BDEAD5300018245 /* AppDelegate.swift */; };
		3136E4D11BDEAD5300018245 /* ViewController.swift in Sources */ = {isa = PBXBuildFile; fileRef = 3136E4D01BDEAD5300018245 /* ViewController.swift */; };
		3136E4D41BDEAD5300018245 /* Main.storyboard in Resources */ = {isa = PBXBuildFile; fileRef = 3136E4D21BDEAD5300018245 /* Main.storyboard */; };
		3136E4D61BDEAD5300018245 /* Assets.xcassets in Resources */ = {isa = PBXBuildFile; fileRef = 3136E4D51BDEAD5300018245 /* Assets.xcassets */; };
		3136E4D91BDEAD5300018245 /* LaunchScreen.storyboard in Resources */ = {isa = PBXBuildFile; fileRef = 3136E4D71BDEAD5300018245 /* LaunchScreen.storyboard */; };
/* End PBXBuildFile section */

/* Begin PBXFileReference section */
		3136E4CB1BDEAD5300018245 /* ImageMetalling-01.app */ = {isa = PBXFileReference; explicitFileType = wrapper.application; includeInIndex = 0; path = "ImageMetalling-01.app"; sourceTree = BUILT_PRODUCTS_DIR; };
		3136E4CE1BDEAD5300018245 /* AppDelegate.swift */ = {isa = PBXFileReference; lastKnownFileType = sourcecode.swift; path = AppDelegate.swift; sourceTree = "<group>"; };
		3136E4D01BDEAD5300018245 /* ViewController.swift */ = {isa = PBXFileReference; lastKnownFileType = sourcecode.swift; path = ViewController.swift; sourceTree = "<group>"; };
		3136E4D31BDEAD5300018245 /* Base */ = {isa = PBXFileReference; lastKnownFileType = file.storyboard; name = Base; path = Base.lproj/Main.storyboard; sourceTree = "<group>"; };
		3136E4D51BDEAD5300018245 /* Assets.xcassets */ = {isa = PBXFileReference; lastKnownFileType = folder.assetcatalog; path = Assets.xcassets; sourceTree = "<group>"; };
		3136E4D81BDEAD5300018245 /* Base */ = {isa = PBXFileReference; lastKnownFileType = file.storyboard; name = Base; path = Base.lproj/LaunchScreen.storyboard; sourceTree = "<group>"; };
		3136E4DA1BDEAD5300018245 /* Info.plist */ = {isa = PBXFileReference; lastKnownFileType = text.plist.xml; path = Info.plist; sourceTree = "<group>"; };
/* End PBXFileReference section */

/* Begin PBXFrameworksBuildPhase section */
		3136E4C81BDEAD5300018245 /* Frameworks */ = {
			isa = PBXFrameworksBuildPhase;
			buildActionMask = 2147483647;
			files = (
			);
			runOnlyForDeploymentPostprocessing = 0;
		};
/* End PBXFrameworksBuildPhase section */

/* Begin PBXGroup section */
		3136E4C21BDEAD5300018245 = {
			isa = PBXGroup;
			children = (
				3136E4CD1BDEAD5300018245 /* ImageMetalling-01 */,
				3136E4CC1BDEAD5300018245 /* Products */,
			);
			sourceTree = "<group>";
		};
		3136E4CC1BDEAD5300018245 /* Products */ = {
			isa = PBXGroup;
			children = (
				3136E4CB1BDEAD5300018245 /* ImageMetalling-01.app */,
			);
			name = Products;
			sourceTree = "<group>";
		};
		3136E4CD1BDEAD5300018245 /* ImageMetalling-01 */ = {
			isa = PBXGroup;
			children = (
				3136E4CE1BDEAD5300018245 /* AppDelegate.swift */,
				3136E4D01BDEAD5300018245 /* ViewController.swift */,
				3136E4D21BDEAD5300018245 /* Main.storyboard */,
				3136E4D51BDEAD5300018245 /* Assets.xcassets */,
				3136E4D71BDEAD5300018245 /* LaunchScreen.storyboard */,
				3136E4DA1BDEAD5300018245 /* Info.plist */,
			);
			path = "ImageMetalling-01";
			sourceTree = "<group>";
		};
/* End PBXGroup section */

/* Begin PBXNativeTarget section */
		3136E4CA1BDEAD5300018245 /* ImageMetalling-01 */ = {
			isa = PBXNativeTarget;
			buildConfigurationList = 3136E4DD1BDEAD5300018245 /* Build configuration list for PBXNativeTarget "ImageMetalling-01" */;
			buildPhases = (
				3136E4C71BDEAD5300018245 /* Sources */,
				3136E4C81BDEAD5300018245 /* Frameworks */,
				3136E4C91BDEAD5300018245 /* Resources */,
			);
			buildRules = (
			);
			dependencies = (
			);
			name = "ImageMetalling-01";
			productName = "ImageMetalling-01";
			productReference = 3136E4CB1BDEAD5300018245 /* ImageMetalling-01.app */;
			productType = "com.apple.product-type.application";
		};
/* End PBXNativeTarget section */

/* Begin PBXProject section */
		3136E4C31BDEAD5300018245 /* Project object */ = {
			isa = PBXProject;
			attributes = {
				LastSwiftUpdateCheck = 0710;
				LastUpgradeCheck = 0710;
				ORGANIZATIONNAME = ImageMetalling;
				TargetAttributes = {
					3136E4CA1BDEAD5300018245 = {
						CreatedOnToolsVersion = 7.1;
					};
				};
			};
			buildConfigurationList = 3136E4C61BDEAD5300018245 /* Build configuration list for PBXProject "ImageMetalling-01" */;
			compatibilityVersion = "Xcode 3.2";
			developmentRegion = English;
			hasScannedForEncodings = 0;
			knownRegions = (
				en,
				Base,
			);
			mainGroup = 3136E4C21BDEAD5300018245;
			productRefGroup = 3136E4CC1BDEAD5300018245 /* Products */;
			projectDirPath = "";
			projectRoot = "";
			targets = (
				3136E4CA1BDEAD5300018245 /* ImageMetalling-01 */,
			);
		};
/* End PBXProject section */

/* Begin PBXResourcesBuildPhase section */
		3136E4C91BDEAD5300018245 /* Resources */ = {
			isa = PBXResourcesBuildPhase;
			buildActionMask = 2147483647;
			files = (
				3136E4D91BDEAD5300018245 /* LaunchScreen.storyboard in Resources */,
				3136E4D61BDEAD5300018245 /* Assets.xcassets in Resources */,
				3136E4D41BDEAD5300018245 /* Main.storyboard in Resources */,
			);
			runOnlyForDeploymentPostprocessing = 0;
		};
/* End PBXResourcesBuildPhase section */

/* Begin PBXSourcesBuildPhase section */
		3136E4C71BDEAD5300018245 /* Sources */ = {
			isa = PBXSourcesBuildPhase;
			buildActionMask = 2147483647;
			files = (
				3136E4D11BDEAD5300018245 /* ViewController.swift in Sources */,
				3136E4CF1BDEAD5300018245 /* AppDelegate.swift in Sources */,
			);
			runOnlyForDeploymentPostprocessing = 0;
		};
/* End PBXSourcesBuildPhase section */

/* Begin PBXVariantGroup section */
		3136E4D21BDEAD5300018245 /* Main.storyboard */ = {
			isa = PBXVariantGroup;
			children = (
				3136E4D31BDEAD5300018245 /* Base */,
			);
			name = Main.storyboard;
			sourceTree = "<group>";
		};
		3136E4D71BDEAD5300018245 /* LaunchScreen.storyboard */ = {
			isa = PBXVariantGroup;
			children = (
				3136E4D81BDEAD5300018245 /* Base */,
			);
			name = LaunchScreen.storyboard;
			sourceTree = "<group>";
		};
/* End PBXVariantGroup section */

/* Begin XCBuildConfiguration section */
		3136E4DB1BDEAD5300018245 /* Debug */ = {
			isa = XCBuildConfiguration;
			buildSettings = {
				ALWAYS_SEARCH_USER_PATHS = NO;
				CLANG_CXX_LANGUAGE_STANDARD = "gnu++0x";
				CLANG_CXX_LIBRARY = "libc++";
				CLANG_ENABLE_MODULES = YES;
				CLANG_ENABLE_OBJC_ARC = YES;
				CLANG_WARN_BOOL_CONVERSION = YES;
				CLANG_WARN_CONSTANT_CONVERSION = YES;
				CLANG_WARN_DIRECT_OBJC_ISA_USAGE = YES_ERROR;
				CLANG_WARN_EMPTY_BODY = YES;
				CLANG_WARN_ENUM_CONVERSION = YES;
				CLANG_WARN_INT_CONVERSION = YES;
				CLANG_WARN_OBJC_ROOT_CLASS = YES_ERROR;
				CLANG_WARN_UNREACHABLE_CODE = YES;
				CLANG_WARN__DUPLICATE_METHOD_MATCH = YES;
				"CODE_SIGN_IDENTITY[sdk=iphoneos*]" = "iPhone Developer";
				COPY_PHASE_STRIP = NO;
				DEBUG_INFORMATION_FORMAT = dwarf;
				ENABLE_STRICT_OBJC_MSGSEND = YES;
				ENABLE_TESTABILITY = YES;
				GCC_C_LANGUAGE_STANDARD = gnu99;
				GCC_DYNAMIC_NO_PIC = NO;
				GCC_NO_COMMON_BLOCKS = YES;
				GCC_OPTIMIZATION_LEVEL = 0;
				GCC_PREPROCESSOR_DEFINITIONS = (
					"DEBUG=1",
					"$(inherited)",
				);
				GCC_WARN_64_TO_32_BIT_CONVERSION = YES;
				GCC_WARN_ABOUT_RETURN_TYPE = YES_ERROR;
				GCC_WARN_UNDECLARED_SELECTOR = YES;
				GCC_WARN_UNINITIALIZED_AUTOS = YES_AGGRESSIVE;
				GCC_WARN_UNUSED_FUNCTION = YES;
				GCC_WARN_UNUSED_VARIABLE = YES;
				IPHONEOS_DEPLOYMENT_TARGET = 9.1;
				MTL_ENABLE_DEBUG_INFO = YES;
				ONLY_ACTIVE_ARCH = YES;
				SDKROOT = iphoneos;
				SWIFT_OPTIMIZATION_LEVEL = "-Onone";
				TARGETED_DEVICE_FAMILY = "1,2";
			};
			name = Debug;
		};
		3136E4DC1BDEAD5300018245 /* Release */ = {
			isa = XCBuildConfiguration;
			buildSettings = {
				ALWAYS_SEARCH_USER_PATHS = NO;
				CLANG_CXX_LANGUAGE_STANDARD = "gnu++0x";
				CLANG_CXX_LIBRARY = "libc++";
				CLANG_ENABLE_MODULES = YES;
				CLANG_ENABLE_OBJC_ARC = YES;
				CLANG_WARN_BOOL_CONVERSION = YES;
				CLANG_WARN_CONSTANT_CONVERSION = YES;
				CLANG_WARN_DIRECT_OBJC_ISA_USAGE = YES_ERROR;
				CLANG_WARN_EMPTY_BODY = YES;
				CLANG_WARN_ENUM_CONVERSION = YES;
				CLANG_WARN_INT_CONVERSION = YES;
				CLANG_WARN_OBJC_ROOT_CLASS = YES_ERROR;
				CLANG_WARN_UNREACHABLE_CODE = YES;
				CLANG_WARN__DUPLICATE_METHOD_MATCH = YES;
				"CODE_SIGN_IDENTITY[sdk=iphoneos*]" = "iPhone Developer";
				COPY_PHASE_STRIP = NO;
				DEBUG_INFORMATION_FORMAT = "dwarf-with-dsym";
				ENABLE_NS_ASSERTIONS = NO;
				ENABLE_STRICT_OBJC_MSGSEND = YES;
				GCC_C_LANGUAGE_STANDARD = gnu99;
				GCC_NO_COMMON_BLOCKS = YES;
				GCC_WARN_64_TO_32_BIT_CONVERSION = YES;
				GCC_WARN_ABOUT_RETURN_TYPE = YES_ERROR;
				GCC_WARN_UNDECLARED_SELECTOR = YES;
				GCC_WARN_UNINITIALIZED_AUTOS = YES_AGGRESSIVE;
				GCC_WARN_UNUSED_FUNCTION = YES;
				GCC_WARN_UNUSED_VARIABLE = YES;
				IPHONEOS_DEPLOYMENT_TARGET = 9.1;
				MTL_ENABLE_DEBUG_INFO = NO;
				SDKROOT = iphoneos;
				TARGETED_DEVICE_FAMILY = "1,2";
				VALIDATE_PRODUCT = YES;
			};
			name = Release;
		};
		3136E4DE1BDEAD5300018245 /* Debug */ = {
			isa = XCBuildConfiguration;
			buildSettings = {
				ASSETCATALOG_COMPILER_APPICON_NAME = AppIcon;
				INFOPLIST_FILE = "ImageMetalling-01/Info.plist";
				LD_RUNPATH_SEARCH_PATHS = "$(inherited) @executable_path/Frameworks";
				PRODUCT_BUNDLE_IDENTIFIER = "IMetalling.ImageMetalling-01";
				PRODUCT_NAME = "$(TARGET_NAME)";
			};
			name = Debug;
		};
		3136E4DF1BDEAD5300018245 /* Release */ = {
			isa = XCBuildConfiguration;
			buildSettings = {
				ASSETCATALOG_COMPILER_APPICON_NAME = AppIcon;
				INFOPLIST_FILE = "ImageMetalling-01/Info.plist";
				LD_RUNPATH_SEARCH_PATHS = "$(inherited) @executable_path/Frameworks";
				PRODUCT_BUNDLE_IDENTIFIER = "IMetalling.ImageMetalling-01";
				PRODUCT_NAME = "$(TARGET_NAME)";
			};
			name = Release;
		};
/* End XCBuildConfiguration section */

/* Begin XCConfigurationList section */
		3136E4C61BDEAD5300018245 /* Build configuration list for PBXProject "ImageMetalling-01" */ = {
			isa = XCConfigurationList;
			buildConfigurations = (
				3136E4DB1BDEAD5300018245 /* Debug */,
				3136E4DC1BDEAD5300018245 /* Release */,
			);
			defaultConfigurationIsVisible = 0;
			defaultConfigurationName = Release;
		};
		3136E4DD1BDEAD5300018245 /* Build configuration list for PBXNativeTarget "ImageMetalling-01" */ = {
			isa = XCConfigurationList;
			buildConfigurations = (
				3136E4DE1BDEAD5300018245 /* Debug */,
				3136E4DF1BDEAD5300018245 /* Release */,
			);
			defaultConfigurationIsVisible = 0;
		};
/* End XCConfigurationList section */
	};
	rootObject = 3136E4C31BDEAD5300018245 /* Project object */;
}
